
Microsoft Visual Studio Solution File, Format Version 12.00
# Visual Studio Version 17
VisualStudioVersion = 17.1.32407.343
MinimumVisualStudioVersion = 10.0.40219.1
Project("{FAE04EC0-301F-11D3-BF4B-00C04F79EFBC}") = "ForParty", "ForParty.csproj", "{D9BAEDC3-538B-45B1-B30E-2567BCFE1AEC}"
EndProject
Global
	GlobalSection(SolutionConfigurationPlatforms) = preSolution
		Debug|Any CPU = Debug|Any CPU
		Release|Any CPU = Release|Any CPU
	EndGlobalSection
	GlobalSection(ProjectConfigurationPlatforms) = postSolution
		{D9BAEDC3-538B-45B1-B30E-2567BCFE1AEC}.Debug|Any CPU.ActiveCfg = Debug|Any CPU
		{D9BAEDC3-538B-45B1-B30E-2567BCFE1AEC}.Debug|Any CPU.Build.0 = Debug|Any CPU
		{D9BAEDC3-538B-45B1-B30E-2567BCFE1AEC}.Release|Any CPU.ActiveCfg = Release|Any CPU
		{D9BAEDC3-538B-45B1-B30E-2567BCFE1AEC}.Release|Any CPU.Build.0 = Release|Any CPU
	EndGlobalSection
	GlobalSection(SolutionProperties) = preSolution
		HideSolutionNode = FALSE
	EndGlobalSection
	GlobalSection(ExtensibilityGlobals) = postSolution
		SolutionGuid = {6EFBE8E5-448F-4E26-BF2C-D2C857903AFA}
	EndGlobalSection
EndGlobal
